
Microsoft Visual Studio Solution File, Format Version 12.00
# Visual Studio Version 17
VisualStudioVersion = 17.8.34322.80
MinimumVisualStudioVersion = 10.0.40219.1
Project("{FAE04EC0-301F-11D3-BF4B-00C04F79EFBC}") = "Easylink_Client", "Easylink_Client.csproj", "{EE826099-3674-4D07-B4DE-58819261F2CB}"
EndProject
Global
	GlobalSection(SolutionConfigurationPlatforms) = preSolution
		Debug|Any CPU = Debug|Any CPU
		Release|Any CPU = Release|Any CPU
	EndGlobalSection
	GlobalSection(ProjectConfigurationPlatforms) = postSolution
		{EE826099-3674-4D07-B4DE-58819261F2CB}.Debug|Any CPU.ActiveCfg = Debug|Any CPU
		{EE826099-3674-4D07-B4DE-58819261F2CB}.Debug|Any CPU.Build.0 = Debug|Any CPU
		{EE826099-3674-4D07-B4DE-58819261F2CB}.Release|Any CPU.ActiveCfg = Release|Any CPU
		{EE826099-3674-4D07-B4DE-58819261F2CB}.Release|Any CPU.Build.0 = Release|Any CPU
	EndGlobalSection
	GlobalSection(SolutionProperties) = preSolution
		HideSolutionNode = FALSE
	EndGlobalSection
	GlobalSection(ExtensibilityGlobals) = postSolution
		SolutionGuid = {7BE9CD33-87A6-4144-8B95-C36841CC49CF}
	EndGlobalSection
EndGlobal
